
Microsoft Visual Studio Solution File, Format Version 12.00
# Visual Studio Version 16
VisualStudioVersion = 16.0.31410.357
MinimumVisualStudioVersion = 10.0.40219.1
Project("{FAE04EC0-301F-11D3-BF4B-00C04F79EFBC}") = "TestSocket", "TestSocket\TestSocket.csproj", "{E8C9762D-4C83-4B1B-842F-8FEA5290A62F}"
EndProject
Global
	GlobalSection(SolutionConfigurationPlatforms) = preSolution
		Debug|Any CPU = Debug|Any CPU
		Release|Any CPU = Release|Any CPU
	EndGlobalSection
	GlobalSection(ProjectConfigurationPlatforms) = postSolution
		{E8C9762D-4C83-4B1B-842F-8FEA5290A62F}.Debug|Any CPU.ActiveCfg = Debug|Any CPU
		{E8C9762D-4C83-4B1B-842F-8FEA5290A62F}.Debug|Any CPU.Build.0 = Debug|Any CPU
		{E8C9762D-4C83-4B1B-842F-8FEA5290A62F}.Release|Any CPU.ActiveCfg = Release|Any CPU
		{E8C9762D-4C83-4B1B-842F-8FEA5290A62F}.Release|Any CPU.Build.0 = Release|Any CPU
	EndGlobalSection
	GlobalSection(SolutionProperties) = preSolution
		HideSolutionNode = FALSE
	EndGlobalSection
	GlobalSection(ExtensibilityGlobals) = postSolution
		SolutionGuid = {97EEEAD8-1C94-4690-BDD9-75A859C9A546}
	EndGlobalSection
EndGlobal
